
Microsoft Visual Studio Solution File, Format Version 12.00
# Visual Studio 15
VisualStudioVersion = 15.0.27130.2003
MinimumVisualStudioVersion = 10.0.40219.1
Project("{FAE04EC0-301F-11D3-BF4B-00C04F79EFBC}") = "Wpf_Color_Demo", "Wpf_Color_Demo\Wpf_Color_Demo.csproj", "{2C294DFF-4F23-4F39-A115-72359BCC5B1F}"
EndProject
Global
	GlobalSection(SolutionConfigurationPlatforms) = preSolution
		Debug|Any CPU = Debug|Any CPU
		Release|Any CPU = Release|Any CPU
	EndGlobalSection
	GlobalSection(ProjectConfigurationPlatforms) = postSolution
		{2C294DFF-4F23-4F39-A115-72359BCC5B1F}.Debug|Any CPU.ActiveCfg = Debug|Any CPU
		{2C294DFF-4F23-4F39-A115-72359BCC5B1F}.Debug|Any CPU.Build.0 = Debug|Any CPU
		{2C294DFF-4F23-4F39-A115-72359BCC5B1F}.Release|Any CPU.ActiveCfg = Release|Any CPU
		{2C294DFF-4F23-4F39-A115-72359BCC5B1F}.Release|Any CPU.Build.0 = Release|Any CPU
	EndGlobalSection
	GlobalSection(SolutionProperties) = preSolution
		HideSolutionNode = FALSE
	EndGlobalSection
	GlobalSection(ExtensibilityGlobals) = postSolution
		SolutionGuid = {D3171EEC-B0FC-457A-BD27-B9F28095F67F}
	EndGlobalSection
EndGlobal
