
Microsoft Visual Studio Solution File, Format Version 12.00
# Visual Studio 15
VisualStudioVersion = 15.0.27130.2010
MinimumVisualStudioVersion = 10.0.40219.1
Project("{FAE04EC0-301F-11D3-BF4B-00C04F79EFBC}") = "Wpf_Color_Demo", "Wpf_Color_Demo\Wpf_Color_Demo.csproj", "{2C294DFF-4F23-4F39-A115-72359BCC5B1F}"
EndProject
Project("{FAE04EC0-301F-11D3-BF4B-00C04F79EFBC}") = "Client", "Client\Client.csproj", "{D36CF632-5A91-45BD-8415-BA43CC230987}"
EndProject
Project("{FAE04EC0-301F-11D3-BF4B-00C04F79EFBC}") = "CSharp_Demo", "CSharp_Demo\CSharp_Demo.csproj", "{88995716-45D3-4386-A17D-95E012471E0D}"
EndProject
Project("{FAE04EC0-301F-11D3-BF4B-00C04F79EFBC}") = "NetConnect", "TxtConnect\NetConnect.csproj", "{40806370-4ADF-449F-B705-86AEC504A167}"
EndProject
Project("{FAE04EC0-301F-11D3-BF4B-00C04F79EFBC}") = "自启动", "自启动\自启动.csproj", "{AF058BF8-2C30-4EB8-8286-A43CA1B91701}"
EndProject
Global
	GlobalSection(SolutionConfigurationPlatforms) = preSolution
		Debug|Any CPU = Debug|Any CPU
		Release|Any CPU = Release|Any CPU
	EndGlobalSection
	GlobalSection(ProjectConfigurationPlatforms) = postSolution
		{2C294DFF-4F23-4F39-A115-72359BCC5B1F}.Debug|Any CPU.ActiveCfg = Debug|Any CPU
		{2C294DFF-4F23-4F39-A115-72359BCC5B1F}.Debug|Any CPU.Build.0 = Debug|Any CPU
		{2C294DFF-4F23-4F39-A115-72359BCC5B1F}.Release|Any CPU.ActiveCfg = Release|Any CPU
		{2C294DFF-4F23-4F39-A115-72359BCC5B1F}.Release|Any CPU.Build.0 = Release|Any CPU
		{D36CF632-5A91-45BD-8415-BA43CC230987}.Debug|Any CPU.ActiveCfg = Debug|Any CPU
		{D36CF632-5A91-45BD-8415-BA43CC230987}.Debug|Any CPU.Build.0 = Debug|Any CPU
		{D36CF632-5A91-45BD-8415-BA43CC230987}.Release|Any CPU.ActiveCfg = Release|Any CPU
		{D36CF632-5A91-45BD-8415-BA43CC230987}.Release|Any CPU.Build.0 = Release|Any CPU
		{88995716-45D3-4386-A17D-95E012471E0D}.Debug|Any CPU.ActiveCfg = Debug|Any CPU
		{88995716-45D3-4386-A17D-95E012471E0D}.Debug|Any CPU.Build.0 = Debug|Any CPU
		{88995716-45D3-4386-A17D-95E012471E0D}.Release|Any CPU.ActiveCfg = Release|Any CPU
		{88995716-45D3-4386-A17D-95E012471E0D}.Release|Any CPU.Build.0 = Release|Any CPU
		{40806370-4ADF-449F-B705-86AEC504A167}.Debug|Any CPU.ActiveCfg = Debug|Any CPU
		{40806370-4ADF-449F-B705-86AEC504A167}.Debug|Any CPU.Build.0 = Debug|Any CPU
		{40806370-4ADF-449F-B705-86AEC504A167}.Release|Any CPU.ActiveCfg = Release|Any CPU
		{40806370-4ADF-449F-B705-86AEC504A167}.Release|Any CPU.Build.0 = Release|Any CPU
		{AF058BF8-2C30-4EB8-8286-A43CA1B91701}.Debug|Any CPU.ActiveCfg = Debug|Any CPU
		{AF058BF8-2C30-4EB8-8286-A43CA1B91701}.Debug|Any CPU.Build.0 = Debug|Any CPU
		{AF058BF8-2C30-4EB8-8286-A43CA1B91701}.Release|Any CPU.ActiveCfg = Release|Any CPU
		{AF058BF8-2C30-4EB8-8286-A43CA1B91701}.Release|Any CPU.Build.0 = Release|Any CPU
	EndGlobalSection
	GlobalSection(SolutionProperties) = preSolution
		HideSolutionNode = FALSE
	EndGlobalSection
	GlobalSection(ExtensibilityGlobals) = postSolution
		SolutionGuid = {D3171EEC-B0FC-457A-BD27-B9F28095F67F}
	EndGlobalSection
EndGlobal
