
Microsoft Visual Studio Solution File, Format Version 12.00
# Visual Studio Version 16
VisualStudioVersion = 16.0.29411.108
MinimumVisualStudioVersion = 10.0.40219.1
Project("{9A19103F-16F7-4668-BE54-9A1E7A4F7556}") = "WPF_TreeView", "WPF_TreeView\WPF_TreeView.csproj", "{D9D42D35-B7E3-4FE0-9D56-EECD8B45894A}"
EndProject
Project("{FAE04EC0-301F-11D3-BF4B-00C04F79EFBC}") = "WpfTest", "WpfTest\WpfTest.csproj", "{05F6FFC7-C10C-48EC-990A-8FE988B1B029}"
EndProject
Global
	GlobalSection(SolutionConfigurationPlatforms) = preSolution
		Debug|Any CPU = Debug|Any CPU
		Release|Any CPU = Release|Any CPU
	EndGlobalSection
	GlobalSection(ProjectConfigurationPlatforms) = postSolution
		{D9D42D35-B7E3-4FE0-9D56-EECD8B45894A}.Debug|Any CPU.ActiveCfg = Debug|Any CPU
		{D9D42D35-B7E3-4FE0-9D56-EECD8B45894A}.Debug|Any CPU.Build.0 = Debug|Any CPU
		{D9D42D35-B7E3-4FE0-9D56-EECD8B45894A}.Release|Any CPU.ActiveCfg = Release|Any CPU
		{D9D42D35-B7E3-4FE0-9D56-EECD8B45894A}.Release|Any CPU.Build.0 = Release|Any CPU
		{05F6FFC7-C10C-48EC-990A-8FE988B1B029}.Debug|Any CPU.ActiveCfg = Debug|Any CPU
		{05F6FFC7-C10C-48EC-990A-8FE988B1B029}.Debug|Any CPU.Build.0 = Debug|Any CPU
		{05F6FFC7-C10C-48EC-990A-8FE988B1B029}.Release|Any CPU.ActiveCfg = Release|Any CPU
		{05F6FFC7-C10C-48EC-990A-8FE988B1B029}.Release|Any CPU.Build.0 = Release|Any CPU
	EndGlobalSection
	GlobalSection(SolutionProperties) = preSolution
		HideSolutionNode = FALSE
	EndGlobalSection
	GlobalSection(ExtensibilityGlobals) = postSolution
		SolutionGuid = {D3171EEC-B0FC-457A-BD27-B9F28095F67F}
	EndGlobalSection
EndGlobal
